// !$*UTF8*$!
{
	archiveVersion = 1;
	classes = {
	};
	objectVersion = 56;
	objects = {

/* Begin PBXBuildFile section */
		44242AFC2CA24F0C00954466 /* Localizable.xcstrings in Resources */ = {isa = PBXBuildFile; fileRef = 44242AFB2CA24F0C00954466 /* Localizable.xcstrings */; };
		446AA0FC2CA01B5D00864225 /* AppDelegate.swift in Sources */ = {isa = PBXBuildFile; fileRef = 446AA0FB2CA01B5D00864225 /* AppDelegate.swift */; };
		446AA1002CA01B5E00864225 /* Assets.xcassets in Resources */ = {isa = PBXBuildFile; fileRef = 446AA0FF2CA01B5E00864225 /* Assets.xcassets */; };
		446AA1032CA01B5E00864225 /* Preview Assets.xcassets in Resources */ = {isa = PBXBuildFile; fileRef = 446AA1022CA01B5E00864225 /* Preview Assets.xcassets */; };
		446AA10B2CA01E3B00864225 /* ViewEnvironment in Frameworks */ = {isa = PBXBuildFile; productRef = 446AA10A2CA01E3B00864225 /* ViewEnvironment */; };
		446AA10D2CA01E3B00864225 /* ViewEnvironmentUI in Frameworks */ = {isa = PBXBuildFile; productRef = 446AA10C2CA01E3B00864225 /* ViewEnvironmentUI */; };
		446AA10F2CA01E3B00864225 /* Workflow in Frameworks */ = {isa = PBXBuildFile; productRef = 446AA10E2CA01E3B00864225 /* Workflow */; };
		446AA1112CA01E3B00864225 /* WorkflowCombine in Frameworks */ = {isa = PBXBuildFile; productRef = 446AA1102CA01E3B00864225 /* WorkflowCombine */; };
		446AA1152CA01E3B00864225 /* WorkflowConcurrency in Frameworks */ = {isa = PBXBuildFile; productRef = 446AA1142CA01E3B00864225 /* WorkflowConcurrency */; };
		446AA1192CA01E3B00864225 /* WorkflowSwiftUI in Frameworks */ = {isa = PBXBuildFile; productRef = 446AA1182CA01E3B00864225 /* WorkflowSwiftUI */; };
		446AA11B2CA01E3B00864225 /* WorkflowSwiftUIExperimental in Frameworks */ = {isa = PBXBuildFile; productRef = 446AA11A2CA01E3B00864225 /* WorkflowSwiftUIExperimental */; };
		446AA11F2CA01E3B00864225 /* WorkflowUI in Frameworks */ = {isa = PBXBuildFile; productRef = 446AA11E2CA01E3B00864225 /* WorkflowUI */; };
		446AA1222CA0206700864225 /* WelcomeWorkflow.swift in Sources */ = {isa = PBXBuildFile; fileRef = 446AA1212CA0206700864225 /* WelcomeWorkflow.swift */; };
		446AA1242CA022CD00864225 /* WelcomeScreen.swift in Sources */ = {isa = PBXBuildFile; fileRef = 446AA1232CA022CD00864225 /* WelcomeScreen.swift */; };
		446AA1282CA03AF500864225 /* Alamofire in Frameworks */ = {isa = PBXBuildFile; productRef = 446AA1272CA03AF500864225 /* Alamofire */; };
		446AA12F2CA0434B00864225 /* OnboardingScreen.swift in Sources */ = {isa = PBXBuildFile; fileRef = 446AA12E2CA0434B00864225 /* OnboardingScreen.swift */; };
		446AA1312CA0435400864225 /* OnboardingWorkflow.swift in Sources */ = {isa = PBXBuildFile; fileRef = 446AA1302CA0435400864225 /* OnboardingWorkflow.swift */; };
		446AA13A2CA0B30100864225 /* Screen+BackStack.swift in Sources */ = {isa = PBXBuildFile; fileRef = 446AA1392CA0B30100864225 /* Screen+BackStack.swift */; };
		446D697D2CA1652300E0B0A9 /* NotificationManager.swift in Sources */ = {isa = PBXBuildFile; fileRef = 446D697C2CA1652300E0B0A9 /* NotificationManager.swift */; };
		446D69802CA165D300E0B0A9 /* AppDependencyContainer.swift in Sources */ = {isa = PBXBuildFile; fileRef = 446D697F2CA165D300E0B0A9 /* AppDependencyContainer.swift */; };
		446D69842CA171C500E0B0A9 /* iPhoneNumberField in Frameworks */ = {isa = PBXBuildFile; productRef = 446D69832CA171C500E0B0A9 /* iPhoneNumberField */; };
/* End PBXBuildFile section */

/* Begin PBXCopyFilesBuildPhase section */
		446AA12C2CA03BA900864225 /* Embed Frameworks */ = {
			isa = PBXCopyFilesBuildPhase;
			buildActionMask = 2147483647;
			dstPath = "";
			dstSubfolderSpec = 10;
			files = (
			);
			name = "Embed Frameworks";
			runOnlyForDeploymentPostprocessing = 0;
		};
/* End PBXCopyFilesBuildPhase section */

/* Begin PBXFileReference section */
		44242AFB2CA24F0C00954466 /* Localizable.xcstrings */ = {isa = PBXFileReference; fileEncoding = 4; lastKnownFileType = text.json.xcstrings; path = Localizable.xcstrings; sourceTree = "<group>"; };
		446AA0F82CA01B5D00864225 /* Meanwhile-iOS.app */ = {isa = PBXFileReference; explicitFileType = wrapper.application; includeInIndex = 0; path = "Meanwhile-iOS.app"; sourceTree = BUILT_PRODUCTS_DIR; };
		446AA0FB2CA01B5D00864225 /* AppDelegate.swift */ = {isa = PBXFileReference; lastKnownFileType = sourcecode.swift; path = AppDelegate.swift; sourceTree = "<group>"; };
		446AA0FF2CA01B5E00864225 /* Assets.xcassets */ = {isa = PBXFileReference; lastKnownFileType = folder.assetcatalog; path = Assets.xcassets; sourceTree = "<group>"; };
		446AA1022CA01B5E00864225 /* Preview Assets.xcassets */ = {isa = PBXFileReference; lastKnownFileType = folder.assetcatalog; path = "Preview Assets.xcassets"; sourceTree = "<group>"; };
		446AA1212CA0206700864225 /* WelcomeWorkflow.swift */ = {isa = PBXFileReference; lastKnownFileType = sourcecode.swift; path = WelcomeWorkflow.swift; sourceTree = "<group>"; };
		446AA1232CA022CD00864225 /* WelcomeScreen.swift */ = {isa = PBXFileReference; lastKnownFileType = sourcecode.swift; path = WelcomeScreen.swift; sourceTree = "<group>"; };
		446AA1252CA0381C00864225 /* Info.plist */ = {isa = PBXFileReference; lastKnownFileType = text.plist; path = Info.plist; sourceTree = "<group>"; };
		446AA12E2CA0434B00864225 /* OnboardingScreen.swift */ = {isa = PBXFileReference; lastKnownFileType = sourcecode.swift; path = OnboardingScreen.swift; sourceTree = "<group>"; };
		446AA1302CA0435400864225 /* OnboardingWorkflow.swift */ = {isa = PBXFileReference; lastKnownFileType = sourcecode.swift; path = OnboardingWorkflow.swift; sourceTree = "<group>"; };
		446AA1392CA0B30100864225 /* Screen+BackStack.swift */ = {isa = PBXFileReference; lastKnownFileType = sourcecode.swift; path = "Screen+BackStack.swift"; sourceTree = "<group>"; };
		446D697C2CA1652300E0B0A9 /* NotificationManager.swift */ = {isa = PBXFileReference; lastKnownFileType = sourcecode.swift; path = NotificationManager.swift; sourceTree = "<group>"; };
		446D697F2CA165D300E0B0A9 /* AppDependencyContainer.swift */ = {isa = PBXFileReference; lastKnownFileType = sourcecode.swift; path = AppDependencyContainer.swift; sourceTree = "<group>"; };
		446D69812CA16C1B00E0B0A9 /* Meanwhile-iOS.entitlements */ = {isa = PBXFileReference; lastKnownFileType = text.plist.entitlements; path = "Meanwhile-iOS.entitlements"; sourceTree = "<group>"; };
/* End PBXFileReference section */

/* Begin PBXFrameworksBuildPhase section */
		446AA0F52CA01B5D00864225 /* Frameworks */ = {
			isa = PBXFrameworksBuildPhase;
			buildActionMask = 2147483647;
			files = (
				446AA1282CA03AF500864225 /* Alamofire in Frameworks */,
				446AA11F2CA01E3B00864225 /* WorkflowUI in Frameworks */,
				446AA10F2CA01E3B00864225 /* Workflow in Frameworks */,
				446D69842CA171C500E0B0A9 /* iPhoneNumberField in Frameworks */,
				446AA10B2CA01E3B00864225 /* ViewEnvironment in Frameworks */,
				446AA10D2CA01E3B00864225 /* ViewEnvironmentUI in Frameworks */,
				446AA1112CA01E3B00864225 /* WorkflowCombine in Frameworks */,
				446AA1192CA01E3B00864225 /* WorkflowSwiftUI in Frameworks */,
				446AA11B2CA01E3B00864225 /* WorkflowSwiftUIExperimental in Frameworks */,
				446AA1152CA01E3B00864225 /* WorkflowConcurrency in Frameworks */,
			);
			runOnlyForDeploymentPostprocessing = 0;
		};
/* End PBXFrameworksBuildPhase section */

/* Begin PBXGroup section */
		446AA0EF2CA01B5D00864225 = {
			isa = PBXGroup;
			children = (
				446AA0FA2CA01B5D00864225 /* Meanwhile-iOS */,
				446AA0F92CA01B5D00864225 /* Products */,
			);
			sourceTree = "<group>";
		};
		446AA0F92CA01B5D00864225 /* Products */ = {
			isa = PBXGroup;
			children = (
				446AA0F82CA01B5D00864225 /* Meanwhile-iOS.app */,
			);
			name = Products;
			sourceTree = "<group>";
		};
		446AA0FA2CA01B5D00864225 /* Meanwhile-iOS */ = {
			isa = PBXGroup;
			children = (
				44242AFB2CA24F0C00954466 /* Localizable.xcstrings */,
				446D69812CA16C1B00E0B0A9 /* Meanwhile-iOS.entitlements */,
				446D697E2CA165B500E0B0A9 /* Containers */,
				446D697B2CA1651200E0B0A9 /* Managers */,
				446AA1382CA0B2E800864225 /* extensions */,
				446AA1202CA0203900864225 /* Welcome */,
				446AA12D2CA0432200864225 /* Onboarding */,
				446AA1252CA0381C00864225 /* Info.plist */,
				446AA0FB2CA01B5D00864225 /* AppDelegate.swift */,
				446AA0FF2CA01B5E00864225 /* Assets.xcassets */,
				446AA1012CA01B5E00864225 /* Preview Content */,
			);
			path = "Meanwhile-iOS";
			sourceTree = "<group>";
		};
		446AA1012CA01B5E00864225 /* Preview Content */ = {
			isa = PBXGroup;
			children = (
				446AA1022CA01B5E00864225 /* Preview Assets.xcassets */,
			);
			path = "Preview Content";
			sourceTree = "<group>";
		};
		446AA1202CA0203900864225 /* Welcome */ = {
			isa = PBXGroup;
			children = (
				446AA1212CA0206700864225 /* WelcomeWorkflow.swift */,
				446AA1232CA022CD00864225 /* WelcomeScreen.swift */,
			);
			path = Welcome;
			sourceTree = "<group>";
		};
		446AA12D2CA0432200864225 /* Onboarding */ = {
			isa = PBXGroup;
			children = (
				446AA12E2CA0434B00864225 /* OnboardingScreen.swift */,
				446AA1302CA0435400864225 /* OnboardingWorkflow.swift */,
			);
			path = Onboarding;
			sourceTree = "<group>";
		};
		446AA1382CA0B2E800864225 /* extensions */ = {
			isa = PBXGroup;
			children = (
				446AA1392CA0B30100864225 /* Screen+BackStack.swift */,
			);
			path = extensions;
			sourceTree = "<group>";
		};
		446D697B2CA1651200E0B0A9 /* Managers */ = {
			isa = PBXGroup;
			children = (
				446D697C2CA1652300E0B0A9 /* NotificationManager.swift */,
			);
			path = Managers;
			sourceTree = "<group>";
		};
		446D697E2CA165B500E0B0A9 /* Containers */ = {
			isa = PBXGroup;
			children = (
				446D697F2CA165D300E0B0A9 /* AppDependencyContainer.swift */,
			);
			path = Containers;
			sourceTree = "<group>";
		};
/* End PBXGroup section */

/* Begin PBXNativeTarget section */
		446AA0F72CA01B5D00864225 /* Meanwhile-iOS */ = {
			isa = PBXNativeTarget;
			buildConfigurationList = 446AA1062CA01B5E00864225 /* Build configuration list for PBXNativeTarget "Meanwhile-iOS" */;
			buildPhases = (
				446AA0F42CA01B5D00864225 /* Sources */,
				446AA0F52CA01B5D00864225 /* Frameworks */,
				446AA0F62CA01B5D00864225 /* Resources */,
				446AA12C2CA03BA900864225 /* Embed Frameworks */,
			);
			buildRules = (
			);
			dependencies = (
			);
			name = "Meanwhile-iOS";
			packageProductDependencies = (
				446AA10A2CA01E3B00864225 /* ViewEnvironment */,
				446AA10C2CA01E3B00864225 /* ViewEnvironmentUI */,
				446AA10E2CA01E3B00864225 /* Workflow */,
				446AA1102CA01E3B00864225 /* WorkflowCombine */,
				446AA1142CA01E3B00864225 /* WorkflowConcurrency */,
				446AA1182CA01E3B00864225 /* WorkflowSwiftUI */,
				446AA11A2CA01E3B00864225 /* WorkflowSwiftUIExperimental */,
				446AA11E2CA01E3B00864225 /* WorkflowUI */,
				446AA1272CA03AF500864225 /* Alamofire */,
				446D69832CA171C500E0B0A9 /* iPhoneNumberField */,
			);
			productName = "Meanwhile-iOS";
			productReference = 446AA0F82CA01B5D00864225 /* Meanwhile-iOS.app */;
			productType = "com.apple.product-type.application";
		};
/* End PBXNativeTarget section */

/* Begin PBXProject section */
		446AA0F02CA01B5D00864225 /* Project object */ = {
			isa = PBXProject;
			attributes = {
				BuildIndependentTargetsInParallel = 1;
				LastSwiftUpdateCheck = 1540;
				LastUpgradeCheck = 1540;
				TargetAttributes = {
					446AA0F72CA01B5D00864225 = {
						CreatedOnToolsVersion = 15.4;
					};
				};
			};
			buildConfigurationList = 446AA0F32CA01B5D00864225 /* Build configuration list for PBXProject "Meanwhile-iOS" */;
			compatibilityVersion = "Xcode 14.0";
			developmentRegion = en;
			hasScannedForEncodings = 0;
			knownRegions = (
				en,
				Base,
			);
			mainGroup = 446AA0EF2CA01B5D00864225;
			packageReferences = (
				446AA1092CA01E3B00864225 /* XCRemoteSwiftPackageReference "workflow-swift" */,
				446AA1262CA03AF500864225 /* XCRemoteSwiftPackageReference "Alamofire" */,
				446D69822CA171C500E0B0A9 /* XCRemoteSwiftPackageReference "iPhoneNumberField" */,
			);
			productRefGroup = 446AA0F92CA01B5D00864225 /* Products */;
			projectDirPath = "";
			projectRoot = "";
			targets = (
				446AA0F72CA01B5D00864225 /* Meanwhile-iOS */,
			);
		};
/* End PBXProject section */

/* Begin PBXResourcesBuildPhase section */
		446AA0F62CA01B5D00864225 /* Resources */ = {
			isa = PBXResourcesBuildPhase;
			buildActionMask = 2147483647;
			files = (
				446AA1032CA01B5E00864225 /* Preview Assets.xcassets in Resources */,
				446AA1002CA01B5E00864225 /* Assets.xcassets in Resources */,
				44242AFC2CA24F0C00954466 /* Localizable.xcstrings in Resources */,
			);
			runOnlyForDeploymentPostprocessing = 0;
		};
/* End PBXResourcesBuildPhase section */

/* Begin PBXSourcesBuildPhase section */
		446AA0F42CA01B5D00864225 /* Sources */ = {
			isa = PBXSourcesBuildPhase;
			buildActionMask = 2147483647;
			files = (
				446AA0FC2CA01B5D00864225 /* AppDelegate.swift in Sources */,
				446AA1242CA022CD00864225 /* WelcomeScreen.swift in Sources */,
				446D69802CA165D300E0B0A9 /* AppDependencyContainer.swift in Sources */,
				446AA12F2CA0434B00864225 /* OnboardingScreen.swift in Sources */,
				446AA1312CA0435400864225 /* OnboardingWorkflow.swift in Sources */,
				446D697D2CA1652300E0B0A9 /* NotificationManager.swift in Sources */,
				446AA1222CA0206700864225 /* WelcomeWorkflow.swift in Sources */,
				446AA13A2CA0B30100864225 /* Screen+BackStack.swift in Sources */,
			);
			runOnlyForDeploymentPostprocessing = 0;
		};
/* End PBXSourcesBuildPhase section */

/* Begin XCBuildConfiguration section */
		446AA1042CA01B5E00864225 /* Debug */ = {
			isa = XCBuildConfiguration;
			buildSettings = {
				ALWAYS_SEARCH_USER_PATHS = NO;
				ASSETCATALOG_COMPILER_GENERATE_SWIFT_ASSET_SYMBOL_EXTENSIONS = YES;
				CLANG_ANALYZER_NONNULL = YES;
				CLANG_ANALYZER_NUMBER_OBJECT_CONVERSION = YES_AGGRESSIVE;
				CLANG_CXX_LANGUAGE_STANDARD = "gnu++20";
				CLANG_ENABLE_MODULES = YES;
				CLANG_ENABLE_OBJC_ARC = YES;
				CLANG_ENABLE_OBJC_WEAK = YES;
				CLANG_WARN_BLOCK_CAPTURE_AUTORELEASING = YES;
				CLANG_WARN_BOOL_CONVERSION = YES;
				CLANG_WARN_COMMA = YES;
				CLANG_WARN_CONSTANT_CONVERSION = YES;
				CLANG_WARN_DEPRECATED_OBJC_IMPLEMENTATIONS = YES;
				CLANG_WARN_DIRECT_OBJC_ISA_USAGE = YES_ERROR;
				CLANG_WARN_DOCUMENTATION_COMMENTS = YES;
				CLANG_WARN_EMPTY_BODY = YES;
				CLANG_WARN_ENUM_CONVERSION = YES;
				CLANG_WARN_INFINITE_RECURSION = YES;
				CLANG_WARN_INT_CONVERSION = YES;
				CLANG_WARN_NON_LITERAL_NULL_CONVERSION = YES;
				CLANG_WARN_OBJC_IMPLICIT_RETAIN_SELF = YES;
				CLANG_WARN_OBJC_LITERAL_CONVERSION = YES;
				CLANG_WARN_OBJC_ROOT_CLASS = YES_ERROR;
				CLANG_WARN_QUOTED_INCLUDE_IN_FRAMEWORK_HEADER = YES;
				CLANG_WARN_RANGE_LOOP_ANALYSIS = YES;
				CLANG_WARN_STRICT_PROTOTYPES = YES;
				CLANG_WARN_SUSPICIOUS_MOVE = YES;
				CLANG_WARN_UNGUARDED_AVAILABILITY = YES_AGGRESSIVE;
				CLANG_WARN_UNREACHABLE_CODE = YES;
				CLANG_WARN__DUPLICATE_METHOD_MATCH = YES;
				COPY_PHASE_STRIP = NO;
				DEBUG_INFORMATION_FORMAT = dwarf;
				ENABLE_STRICT_OBJC_MSGSEND = YES;
				ENABLE_TESTABILITY = YES;
				ENABLE_USER_SCRIPT_SANDBOXING = YES;
				GCC_C_LANGUAGE_STANDARD = gnu17;
				GCC_DYNAMIC_NO_PIC = NO;
				GCC_NO_COMMON_BLOCKS = YES;
				GCC_OPTIMIZATION_LEVEL = 0;
				GCC_PREPROCESSOR_DEFINITIONS = (
					"DEBUG=1",
					"$(inherited)",
				);
				GCC_WARN_64_TO_32_BIT_CONVERSION = YES;
				GCC_WARN_ABOUT_RETURN_TYPE = YES_ERROR;
				GCC_WARN_UNDECLARED_SELECTOR = YES;
				GCC_WARN_UNINITIALIZED_AUTOS = YES_AGGRESSIVE;
				GCC_WARN_UNUSED_FUNCTION = YES;
				GCC_WARN_UNUSED_VARIABLE = YES;
				IPHONEOS_DEPLOYMENT_TARGET = 17.5;
				LOCALIZATION_PREFERS_STRING_CATALOGS = YES;
				MTL_ENABLE_DEBUG_INFO = INCLUDE_SOURCE;
				MTL_FAST_MATH = YES;
				ONLY_ACTIVE_ARCH = YES;
				SDKROOT = iphoneos;
				SWIFT_ACTIVE_COMPILATION_CONDITIONS = "DEBUG $(inherited)";
				SWIFT_OPTIMIZATION_LEVEL = "-Onone";
			};
			name = Debug;
		};
		446AA1052CA01B5E00864225 /* Release */ = {
			isa = XCBuildConfiguration;
			buildSettings = {
				ALWAYS_SEARCH_USER_PATHS = NO;
				ASSETCATALOG_COMPILER_GENERATE_SWIFT_ASSET_SYMBOL_EXTENSIONS = YES;
				CLANG_ANALYZER_NONNULL = YES;
				CLANG_ANALYZER_NUMBER_OBJECT_CONVERSION = YES_AGGRESSIVE;
				CLANG_CXX_LANGUAGE_STANDARD = "gnu++20";
				CLANG_ENABLE_MODULES = YES;
				CLANG_ENABLE_OBJC_ARC = YES;
				CLANG_ENABLE_OBJC_WEAK = YES;
				CLANG_WARN_BLOCK_CAPTURE_AUTORELEASING = YES;
				CLANG_WARN_BOOL_CONVERSION = YES;
				CLANG_WARN_COMMA = YES;
				CLANG_WARN_CONSTANT_CONVERSION = YES;
				CLANG_WARN_DEPRECATED_OBJC_IMPLEMENTATIONS = YES;
				CLANG_WARN_DIRECT_OBJC_ISA_USAGE = YES_ERROR;
				CLANG_WARN_DOCUMENTATION_COMMENTS = YES;
				CLANG_WARN_EMPTY_BODY = YES;
				CLANG_WARN_ENUM_CONVERSION = YES;
				CLANG_WARN_INFINITE_RECURSION = YES;
				CLANG_WARN_INT_CONVERSION = YES;
				CLANG_WARN_NON_LITERAL_NULL_CONVERSION = YES;
				CLANG_WARN_OBJC_IMPLICIT_RETAIN_SELF = YES;
				CLANG_WARN_OBJC_LITERAL_CONVERSION = YES;
				CLANG_WARN_OBJC_ROOT_CLASS = YES_ERROR;
				CLANG_WARN_QUOTED_INCLUDE_IN_FRAMEWORK_HEADER = YES;
				CLANG_WARN_RANGE_LOOP_ANALYSIS = YES;
				CLANG_WARN_STRICT_PROTOTYPES = YES;
				CLANG_WARN_SUSPICIOUS_MOVE = YES;
				CLANG_WARN_UNGUARDED_AVAILABILITY = YES_AGGRESSIVE;
				CLANG_WARN_UNREACHABLE_CODE = YES;
				CLANG_WARN__DUPLICATE_METHOD_MATCH = YES;
				COPY_PHASE_STRIP = NO;
				DEBUG_INFORMATION_FORMAT = "dwarf-with-dsym";
				ENABLE_NS_ASSERTIONS = NO;
				ENABLE_STRICT_OBJC_MSGSEND = YES;
				ENABLE_USER_SCRIPT_SANDBOXING = YES;
				GCC_C_LANGUAGE_STANDARD = gnu17;
				GCC_NO_COMMON_BLOCKS = YES;
				GCC_WARN_64_TO_32_BIT_CONVERSION = YES;
				GCC_WARN_ABOUT_RETURN_TYPE = YES_ERROR;
				GCC_WARN_UNDECLARED_SELECTOR = YES;
				GCC_WARN_UNINITIALIZED_AUTOS = YES_AGGRESSIVE;
				GCC_WARN_UNUSED_FUNCTION = YES;
				GCC_WARN_UNUSED_VARIABLE = YES;
				IPHONEOS_DEPLOYMENT_TARGET = 17.5;
				LOCALIZATION_PREFERS_STRING_CATALOGS = YES;
				MTL_ENABLE_DEBUG_INFO = NO;
				MTL_FAST_MATH = YES;
				SDKROOT = iphoneos;
				SWIFT_COMPILATION_MODE = wholemodule;
				VALIDATE_PRODUCT = YES;
			};
			name = Release;
		};
		446AA1072CA01B5E00864225 /* Debug */ = {
			isa = XCBuildConfiguration;
			buildSettings = {
				ASSETCATALOG_COMPILER_APPICON_NAME = AppIcon;
				ASSETCATALOG_COMPILER_GLOBAL_ACCENT_COLOR_NAME = AccentColor;
				CODE_SIGN_ENTITLEMENTS = "Meanwhile-iOS/Meanwhile-iOS.entitlements";
				CODE_SIGN_STYLE = Automatic;
				CURRENT_PROJECT_VERSION = 1;
				DEVELOPMENT_ASSET_PATHS = "\"Meanwhile-iOS/Preview Content\"";
				DEVELOPMENT_TEAM = W2MHQ39N9M;
				ENABLE_PREVIEWS = YES;
				GENERATE_INFOPLIST_FILE = YES;
				INFOPLIST_FILE = "Meanwhile-iOS/Info.plist";
				INFOPLIST_KEY_CFBundleDisplayName = "";
				INFOPLIST_KEY_LSApplicationCategoryType = "public.app-category.social-networking";
				INFOPLIST_KEY_UIApplicationSupportsIndirectInputEvents = YES;
				INFOPLIST_KEY_UILaunchScreen_Generation = YES;
				INFOPLIST_KEY_UIStatusBarStyle = "";
				INFOPLIST_KEY_UISupportedInterfaceOrientations = UIInterfaceOrientationPortrait;
				LD_RUNPATH_SEARCH_PATHS = (
					"$(inherited)",
					"@executable_path/Frameworks",
				);
				MARKETING_VERSION = 1.0;
				PRODUCT_BUNDLE_IDENTIFIER = "com.uniqlabs.Meanwhile-iOS";
				PRODUCT_NAME = "$(TARGET_NAME)";
				SWIFT_EMIT_LOC_STRINGS = YES;
				SWIFT_VERSION = 5.0;
				TARGETED_DEVICE_FAMILY = "1,2";
			};
			name = Debug;
		};
		446AA1082CA01B5E00864225 /* Release */ = {
			isa = XCBuildConfiguration;
			buildSettings = {
				ASSETCATALOG_COMPILER_APPICON_NAME = AppIcon;
				ASSETCATALOG_COMPILER_GLOBAL_ACCENT_COLOR_NAME = AccentColor;
				CODE_SIGN_ENTITLEMENTS = "Meanwhile-iOS/Meanwhile-iOS.entitlements";
				CODE_SIGN_STYLE = Automatic;
				CURRENT_PROJECT_VERSION = 1;
				DEVELOPMENT_ASSET_PATHS = "\"Meanwhile-iOS/Preview Content\"";
				DEVELOPMENT_TEAM = W2MHQ39N9M;
				ENABLE_PREVIEWS = YES;
				GENERATE_INFOPLIST_FILE = YES;
				INFOPLIST_FILE = "Meanwhile-iOS/Info.plist";
				INFOPLIST_KEY_CFBundleDisplayName = "";
				INFOPLIST_KEY_LSApplicationCategoryType = "public.app-category.social-networking";
				INFOPLIST_KEY_UIApplicationSupportsIndirectInputEvents = YES;
				INFOPLIST_KEY_UILaunchScreen_Generation = YES;
				INFOPLIST_KEY_UIStatusBarStyle = "";
				INFOPLIST_KEY_UISupportedInterfaceOrientations = UIInterfaceOrientationPortrait;
				LD_RUNPATH_SEARCH_PATHS = (
					"$(inherited)",
					"@executable_path/Frameworks",
				);
				MARKETING_VERSION = 1.0;
				PRODUCT_BUNDLE_IDENTIFIER = "com.uniqlabs.Meanwhile-iOS";
				PRODUCT_NAME = "$(TARGET_NAME)";
				SWIFT_EMIT_LOC_STRINGS = YES;
				SWIFT_VERSION = 5.0;
				TARGETED_DEVICE_FAMILY = "1,2";
			};
			name = Release;
		};
/* End XCBuildConfiguration section */

/* Begin XCConfigurationList section */
		446AA0F32CA01B5D00864225 /* Build configuration list for PBXProject "Meanwhile-iOS" */ = {
			isa = XCConfigurationList;
			buildConfigurations = (
				446AA1042CA01B5E00864225 /* Debug */,
				446AA1052CA01B5E00864225 /* Release */,
			);
			defaultConfigurationIsVisible = 0;
			defaultConfigurationName = Release;
		};
		446AA1062CA01B5E00864225 /* Build configuration list for PBXNativeTarget "Meanwhile-iOS" */ = {
			isa = XCConfigurationList;
			buildConfigurations = (
				446AA1072CA01B5E00864225 /* Debug */,
				446AA1082CA01B5E00864225 /* Release */,
			);
			defaultConfigurationIsVisible = 0;
			defaultConfigurationName = Release;
		};
/* End XCConfigurationList section */

/* Begin XCRemoteSwiftPackageReference section */
		446AA1092CA01E3B00864225 /* XCRemoteSwiftPackageReference "workflow-swift" */ = {
			isa = XCRemoteSwiftPackageReference;
			repositoryURL = "https://github.com/square/workflow-swift.git";
			requirement = {
				branch = main;
				kind = branch;
			};
		};
		446AA1262CA03AF500864225 /* XCRemoteSwiftPackageReference "Alamofire" */ = {
			isa = XCRemoteSwiftPackageReference;
			repositoryURL = "https://github.com/Alamofire/Alamofire.git";
			requirement = {
				kind = upToNextMajorVersion;
				minimumVersion = 5.9.1;
			};
		};
		446D69822CA171C500E0B0A9 /* XCRemoteSwiftPackageReference "iPhoneNumberField" */ = {
			isa = XCRemoteSwiftPackageReference;
			repositoryURL = "https://github.com/MojtabaHs/iPhoneNumberField";
			requirement = {
				kind = upToNextMajorVersion;
				minimumVersion = 0.10.4;
			};
		};
/* End XCRemoteSwiftPackageReference section */

/* Begin XCSwiftPackageProductDependency section */
		446AA10A2CA01E3B00864225 /* ViewEnvironment */ = {
			isa = XCSwiftPackageProductDependency;
			package = 446AA1092CA01E3B00864225 /* XCRemoteSwiftPackageReference "workflow-swift" */;
			productName = ViewEnvironment;
		};
		446AA10C2CA01E3B00864225 /* ViewEnvironmentUI */ = {
			isa = XCSwiftPackageProductDependency;
			package = 446AA1092CA01E3B00864225 /* XCRemoteSwiftPackageReference "workflow-swift" */;
			productName = ViewEnvironmentUI;
		};
		446AA10E2CA01E3B00864225 /* Workflow */ = {
			isa = XCSwiftPackageProductDependency;
			package = 446AA1092CA01E3B00864225 /* XCRemoteSwiftPackageReference "workflow-swift" */;
			productName = Workflow;
		};
		446AA1102CA01E3B00864225 /* WorkflowCombine */ = {
			isa = XCSwiftPackageProductDependency;
			package = 446AA1092CA01E3B00864225 /* XCRemoteSwiftPackageReference "workflow-swift" */;
			productName = WorkflowCombine;
		};
		446AA1142CA01E3B00864225 /* WorkflowConcurrency */ = {
			isa = XCSwiftPackageProductDependency;
			package = 446AA1092CA01E3B00864225 /* XCRemoteSwiftPackageReference "workflow-swift" */;
			productName = WorkflowConcurrency;
		};
		446AA1182CA01E3B00864225 /* WorkflowSwiftUI */ = {
			isa = XCSwiftPackageProductDependency;
			package = 446AA1092CA01E3B00864225 /* XCRemoteSwiftPackageReference "workflow-swift" */;
			productName = WorkflowSwiftUI;
		};
		446AA11A2CA01E3B00864225 /* WorkflowSwiftUIExperimental */ = {
			isa = XCSwiftPackageProductDependency;
			package = 446AA1092CA01E3B00864225 /* XCRemoteSwiftPackageReference "workflow-swift" */;
			productName = WorkflowSwiftUIExperimental;
		};
		446AA11E2CA01E3B00864225 /* WorkflowUI */ = {
			isa = XCSwiftPackageProductDependency;
			package = 446AA1092CA01E3B00864225 /* XCRemoteSwiftPackageReference "workflow-swift" */;
			productName = WorkflowUI;
		};
		446AA1272CA03AF500864225 /* Alamofire */ = {
			isa = XCSwiftPackageProductDependency;
			package = 446AA1262CA03AF500864225 /* XCRemoteSwiftPackageReference "Alamofire" */;
			productName = Alamofire;
		};
		446D69832CA171C500E0B0A9 /* iPhoneNumberField */ = {
			isa = XCSwiftPackageProductDependency;
			package = 446D69822CA171C500E0B0A9 /* XCRemoteSwiftPackageReference "iPhoneNumberField" */;
			productName = iPhoneNumberField;
		};
/* End XCSwiftPackageProductDependency section */
	};
	rootObject = 446AA0F02CA01B5D00864225 /* Project object */;
}
